
Microsoft Visual Studio Solution File, Format Version 12.00
# Visual Studio Version 17
VisualStudioVersion = 17.6.33801.468
MinimumVisualStudioVersion = 10.0.40219.1
Project("{FAE04EC0-301F-11D3-BF4B-00C04F79EFBC}") = "payc", "payc\payc.csproj", "{50F472AD-780C-48CA-991D-DB13C7447FAC}"
EndProject
Global
	GlobalSection(SolutionConfigurationPlatforms) = preSolution
		Debug|Any CPU = Debug|Any CPU
		Release|Any CPU = Release|Any CPU
	EndGlobalSection
	GlobalSection(ProjectConfigurationPlatforms) = postSolution
		{50F472AD-780C-48CA-991D-DB13C7447FAC}.Debug|Any CPU.ActiveCfg = Debug|Any CPU
		{50F472AD-780C-48CA-991D-DB13C7447FAC}.Debug|Any CPU.Build.0 = Debug|Any CPU
		{50F472AD-780C-48CA-991D-DB13C7447FAC}.Release|Any CPU.ActiveCfg = Release|Any CPU
		{50F472AD-780C-48CA-991D-DB13C7447FAC}.Release|Any CPU.Build.0 = Release|Any CPU
	EndGlobalSection
	GlobalSection(SolutionProperties) = preSolution
		HideSolutionNode = FALSE
	EndGlobalSection
	GlobalSection(ExtensibilityGlobals) = postSolution
		SolutionGuid = {82428E09-CCA8-4BF2-8996-50CBF95F4F6B}
	EndGlobalSection
EndGlobal
